// !$*UTF8*$!
{
	archiveVersion = 1;
	classes = {
	};
	objectVersion = 56;
	objects = {

/* Begin PBXBuildFile section */
		4D164B1E29D47F60004B0010 /* AppDelegate.swift in Sources */ = {isa = PBXBuildFile; fileRef = 4D164B1D29D47F60004B0010 /* AppDelegate.swift */; };
		4D164B2029D47F60004B0010 /* SceneDelegate.swift in Sources */ = {isa = PBXBuildFile; fileRef = 4D164B1F29D47F60004B0010 /* SceneDelegate.swift */; };
		4D164B2229D47F60004B0010 /* ViewController.swift in Sources */ = {isa = PBXBuildFile; fileRef = 4D164B2129D47F60004B0010 /* ViewController.swift */; };
		4D164B2529D47F60004B0010 /* Main.storyboard in Resources */ = {isa = PBXBuildFile; fileRef = 4D164B2329D47F60004B0010 /* Main.storyboard */; };
		4D164B2829D47F60004B0010 /* Innomath2.xcdatamodeld in Sources */ = {isa = PBXBuildFile; fileRef = 4D164B2629D47F60004B0010 /* Innomath2.xcdatamodeld */; };
		4D164B2A29D47F61004B0010 /* Assets.xcassets in Resources */ = {isa = PBXBuildFile; fileRef = 4D164B2929D47F61004B0010 /* Assets.xcassets */; };
		4D164B2D29D47F61004B0010 /* LaunchScreen.storyboard in Resources */ = {isa = PBXBuildFile; fileRef = 4D164B2B29D47F61004B0010 /* LaunchScreen.storyboard */; };
		4D164B3529D4B1C5004B0010 /* BlindVC.swift in Sources */ = {isa = PBXBuildFile; fileRef = 4D164B3429D4B1C5004B0010 /* BlindVC.swift */; };
		4D164B3729D4B538004B0010 /* DeafVC.swift in Sources */ = {isa = PBXBuildFile; fileRef = 4D164B3629D4B538004B0010 /* DeafVC.swift */; };
		4D164B3929D4B6CB004B0010 /* LevelsVC.swift in Sources */ = {isa = PBXBuildFile; fileRef = 4D164B3829D4B6CB004B0010 /* LevelsVC.swift */; };
		4D164B3B29D4BDF8004B0010 /* EasyVC.swift in Sources */ = {isa = PBXBuildFile; fileRef = 4D164B3A29D4BDF8004B0010 /* EasyVC.swift */; };
		4D164B3D29D4BE4F004B0010 /* IntermediateVC.swift in Sources */ = {isa = PBXBuildFile; fileRef = 4D164B3C29D4BE4F004B0010 /* IntermediateVC.swift */; };
		4D164B3F29D4BE98004B0010 /* HardVC.swift in Sources */ = {isa = PBXBuildFile; fileRef = 4D164B3E29D4BE98004B0010 /* HardVC.swift */; };
		4D164B4529D4D703004B0010 /* welcome.mp4 in Resources */ = {isa = PBXBuildFile; fileRef = 4D164B4429D4D703004B0010 /* welcome.mp4 */; };
/* End PBXBuildFile section */

/* Begin PBXFileReference section */
		4D164B1A29D47F60004B0010 /* Innomath2.app */ = {isa = PBXFileReference; explicitFileType = wrapper.application; includeInIndex = 0; path = Innomath2.app; sourceTree = BUILT_PRODUCTS_DIR; };
		4D164B1D29D47F60004B0010 /* AppDelegate.swift */ = {isa = PBXFileReference; lastKnownFileType = sourcecode.swift; path = AppDelegate.swift; sourceTree = "<group>"; };
		4D164B1F29D47F60004B0010 /* SceneDelegate.swift */ = {isa = PBXFileReference; lastKnownFileType = sourcecode.swift; path = SceneDelegate.swift; sourceTree = "<group>"; };
		4D164B2129D47F60004B0010 /* ViewController.swift */ = {isa = PBXFileReference; lastKnownFileType = sourcecode.swift; path = ViewController.swift; sourceTree = "<group>"; };
		4D164B2429D47F60004B0010 /* Base */ = {isa = PBXFileReference; lastKnownFileType = file.storyboard; name = Base; path = Base.lproj/Main.storyboard; sourceTree = "<group>"; };
		4D164B2729D47F60004B0010 /* Innomath2.xcdatamodel */ = {isa = PBXFileReference; lastKnownFileType = wrapper.xcdatamodel; path = Innomath2.xcdatamodel; sourceTree = "<group>"; };
		4D164B2929D47F61004B0010 /* Assets.xcassets */ = {isa = PBXFileReference; lastKnownFileType = folder.assetcatalog; path = Assets.xcassets; sourceTree = "<group>"; };
		4D164B2C29D47F61004B0010 /* Base */ = {isa = PBXFileReference; lastKnownFileType = file.storyboard; name = Base; path = Base.lproj/LaunchScreen.storyboard; sourceTree = "<group>"; };
		4D164B2E29D47F61004B0010 /* Info.plist */ = {isa = PBXFileReference; lastKnownFileType = text.plist.xml; path = Info.plist; sourceTree = "<group>"; };
		4D164B3429D4B1C5004B0010 /* BlindVC.swift */ = {isa = PBXFileReference; lastKnownFileType = sourcecode.swift; path = BlindVC.swift; sourceTree = "<group>"; };
		4D164B3629D4B538004B0010 /* DeafVC.swift */ = {isa = PBXFileReference; lastKnownFileType = sourcecode.swift; path = DeafVC.swift; sourceTree = "<group>"; };
		4D164B3829D4B6CB004B0010 /* LevelsVC.swift */ = {isa = PBXFileReference; lastKnownFileType = sourcecode.swift; path = LevelsVC.swift; sourceTree = "<group>"; };
		4D164B3A29D4BDF8004B0010 /* EasyVC.swift */ = {isa = PBXFileReference; lastKnownFileType = sourcecode.swift; path = EasyVC.swift; sourceTree = "<group>"; };
		4D164B3C29D4BE4F004B0010 /* IntermediateVC.swift */ = {isa = PBXFileReference; lastKnownFileType = sourcecode.swift; path = IntermediateVC.swift; sourceTree = "<group>"; };
		4D164B3E29D4BE98004B0010 /* HardVC.swift */ = {isa = PBXFileReference; lastKnownFileType = sourcecode.swift; path = HardVC.swift; sourceTree = "<group>"; };
		4D164B4429D4D703004B0010 /* welcome.mp4 */ = {isa = PBXFileReference; lastKnownFileType = file; path = welcome.mp4; sourceTree = "<group>"; };
/* End PBXFileReference section */

/* Begin PBXFrameworksBuildPhase section */
		4D164B1729D47F60004B0010 /* Frameworks */ = {
			isa = PBXFrameworksBuildPhase;
			buildActionMask = 2147483647;
			files = (
			);
			runOnlyForDeploymentPostprocessing = 0;
		};
/* End PBXFrameworksBuildPhase section */

/* Begin PBXGroup section */
		4D164B1129D47F60004B0010 = {
			isa = PBXGroup;
			children = (
				4D164B1C29D47F60004B0010 /* Innomath2 */,
				4D164B1B29D47F60004B0010 /* Products */,
			);
			sourceTree = "<group>";
		};
		4D164B1B29D47F60004B0010 /* Products */ = {
			isa = PBXGroup;
			children = (
				4D164B1A29D47F60004B0010 /* Innomath2.app */,
			);
			name = Products;
			sourceTree = "<group>";
		};
		4D164B1C29D47F60004B0010 /* Innomath2 */ = {
			isa = PBXGroup;
			children = (
				4D164B1D29D47F60004B0010 /* AppDelegate.swift */,
				4D164B1F29D47F60004B0010 /* SceneDelegate.swift */,
				4D164B2129D47F60004B0010 /* ViewController.swift */,
				4D164B3429D4B1C5004B0010 /* BlindVC.swift */,
				4D164B3629D4B538004B0010 /* DeafVC.swift */,
				4D164B3829D4B6CB004B0010 /* LevelsVC.swift */,
				4D164B3A29D4BDF8004B0010 /* EasyVC.swift */,
				4D164B3C29D4BE4F004B0010 /* IntermediateVC.swift */,
				4D164B3E29D4BE98004B0010 /* HardVC.swift */,
				4D164B2329D47F60004B0010 /* Main.storyboard */,
				4D164B4429D4D703004B0010 /* welcome.mp4 */,
				4D164B2929D47F61004B0010 /* Assets.xcassets */,
				4D164B2B29D47F61004B0010 /* LaunchScreen.storyboard */,
				4D164B2E29D47F61004B0010 /* Info.plist */,
				4D164B2629D47F60004B0010 /* Innomath2.xcdatamodeld */,
			);
			path = Innomath2;
			sourceTree = "<group>";
		};
/* End PBXGroup section */

/* Begin PBXNativeTarget section */
		4D164B1929D47F60004B0010 /* Innomath2 */ = {
			isa = PBXNativeTarget;
			buildConfigurationList = 4D164B3129D47F61004B0010 /* Build configuration list for PBXNativeTarget "Innomath2" */;
			buildPhases = (
				4D164B1629D47F60004B0010 /* Sources */,
				4D164B1729D47F60004B0010 /* Frameworks */,
				4D164B1829D47F60004B0010 /* Resources */,
			);
			buildRules = (
			);
			dependencies = (
			);
			name = Innomath2;
			productName = Innomath2;
			productReference = 4D164B1A29D47F60004B0010 /* Innomath2.app */;
			productType = "com.apple.product-type.application";
		};
/* End PBXNativeTarget section */

/* Begin PBXProject section */
		4D164B1229D47F60004B0010 /* Project object */ = {
			isa = PBXProject;
			attributes = {
				BuildIndependentTargetsInParallel = 1;
				LastSwiftUpdateCheck = 1420;
				LastUpgradeCheck = 1420;
				TargetAttributes = {
					4D164B1929D47F60004B0010 = {
						CreatedOnToolsVersion = 14.2;
					};
				};
			};
			buildConfigurationList = 4D164B1529D47F60004B0010 /* Build configuration list for PBXProject "Innomath2" */;
			compatibilityVersion = "Xcode 14.0";
			developmentRegion = en;
			hasScannedForEncodings = 0;
			knownRegions = (
				en,
				Base,
			);
			mainGroup = 4D164B1129D47F60004B0010;
			productRefGroup = 4D164B1B29D47F60004B0010 /* Products */;
			projectDirPath = "";
			projectRoot = "";
			targets = (
				4D164B1929D47F60004B0010 /* Innomath2 */,
			);
		};
/* End PBXProject section */

/* Begin PBXResourcesBuildPhase section */
		4D164B1829D47F60004B0010 /* Resources */ = {
			isa = PBXResourcesBuildPhase;
			buildActionMask = 2147483647;
			files = (
				4D164B2D29D47F61004B0010 /* LaunchScreen.storyboard in Resources */,
				4D164B2A29D47F61004B0010 /* Assets.xcassets in Resources */,
				4D164B2529D47F60004B0010 /* Main.storyboard in Resources */,
				4D164B4529D4D703004B0010 /* welcome.mp4 in Resources */,
			);
			runOnlyForDeploymentPostprocessing = 0;
		};
/* End PBXResourcesBuildPhase section */

/* Begin PBXSourcesBuildPhase section */
		4D164B1629D47F60004B0010 /* Sources */ = {
			isa = PBXSourcesBuildPhase;
			buildActionMask = 2147483647;
			files = (
				4D164B3729D4B538004B0010 /* DeafVC.swift in Sources */,
				4D164B3929D4B6CB004B0010 /* LevelsVC.swift in Sources */,
				4D164B3B29D4BDF8004B0010 /* EasyVC.swift in Sources */,
				4D164B2229D47F60004B0010 /* ViewController.swift in Sources */,
				4D164B1E29D47F60004B0010 /* AppDelegate.swift in Sources */,
				4D164B2829D47F60004B0010 /* Innomath2.xcdatamodeld in Sources */,
				4D164B2029D47F60004B0010 /* SceneDelegate.swift in Sources */,
				4D164B3F29D4BE98004B0010 /* HardVC.swift in Sources */,
				4D164B3529D4B1C5004B0010 /* BlindVC.swift in Sources */,
				4D164B3D29D4BE4F004B0010 /* IntermediateVC.swift in Sources */,
			);
			runOnlyForDeploymentPostprocessing = 0;
		};
/* End PBXSourcesBuildPhase section */

/* Begin PBXVariantGroup section */
		4D164B2329D47F60004B0010 /* Main.storyboard */ = {
			isa = PBXVariantGroup;
			children = (
				4D164B2429D47F60004B0010 /* Base */,
			);
			name = Main.storyboard;
			sourceTree = "<group>";
		};
		4D164B2B29D47F61004B0010 /* LaunchScreen.storyboard */ = {
			isa = PBXVariantGroup;
			children = (
				4D164B2C29D47F61004B0010 /* Base */,
			);
			name = LaunchScreen.storyboard;
			sourceTree = "<group>";
		};
/* End PBXVariantGroup section */

/* Begin XCBuildConfiguration section */
		4D164B2F29D47F61004B0010 /* Debug */ = {
			isa = XCBuildConfiguration;
			buildSettings = {
				ALWAYS_SEARCH_USER_PATHS = NO;
				CLANG_ANALYZER_NONNULL = YES;
				CLANG_ANALYZER_NUMBER_OBJECT_CONVERSION = YES_AGGRESSIVE;
				CLANG_CXX_LANGUAGE_STANDARD = "gnu++20";
				CLANG_ENABLE_MODULES = YES;
				CLANG_ENABLE_OBJC_ARC = YES;
				CLANG_ENABLE_OBJC_WEAK = YES;
				CLANG_WARN_BLOCK_CAPTURE_AUTORELEASING = YES;
				CLANG_WARN_BOOL_CONVERSION = YES;
				CLANG_WARN_COMMA = YES;
				CLANG_WARN_CONSTANT_CONVERSION = YES;
				CLANG_WARN_DEPRECATED_OBJC_IMPLEMENTATIONS = YES;
				CLANG_WARN_DIRECT_OBJC_ISA_USAGE = YES_ERROR;
				CLANG_WARN_DOCUMENTATION_COMMENTS = YES;
				CLANG_WARN_EMPTY_BODY = YES;
				CLANG_WARN_ENUM_CONVERSION = YES;
				CLANG_WARN_INFINITE_RECURSION = YES;
				CLANG_WARN_INT_CONVERSION = YES;
				CLANG_WARN_NON_LITERAL_NULL_CONVERSION = YES;
				CLANG_WARN_OBJC_IMPLICIT_RETAIN_SELF = YES;
				CLANG_WARN_OBJC_LITERAL_CONVERSION = YES;
				CLANG_WARN_OBJC_ROOT_CLASS = YES_ERROR;
				CLANG_WARN_QUOTED_INCLUDE_IN_FRAMEWORK_HEADER = YES;
				CLANG_WARN_RANGE_LOOP_ANALYSIS = YES;
				CLANG_WARN_STRICT_PROTOTYPES = YES;
				CLANG_WARN_SUSPICIOUS_MOVE = YES;
				CLANG_WARN_UNGUARDED_AVAILABILITY = YES_AGGRESSIVE;
				CLANG_WARN_UNREACHABLE_CODE = YES;
				CLANG_WARN__DUPLICATE_METHOD_MATCH = YES;
				COPY_PHASE_STRIP = NO;
				DEBUG_INFORMATION_FORMAT = dwarf;
				ENABLE_STRICT_OBJC_MSGSEND = YES;
				ENABLE_TESTABILITY = YES;
				GCC_C_LANGUAGE_STANDARD = gnu11;
				GCC_DYNAMIC_NO_PIC = NO;
				GCC_NO_COMMON_BLOCKS = YES;
				GCC_OPTIMIZATION_LEVEL = 0;
				GCC_PREPROCESSOR_DEFINITIONS = (
					"DEBUG=1",
					"$(inherited)",
				);
				GCC_WARN_64_TO_32_BIT_CONVERSION = YES;
				GCC_WARN_ABOUT_RETURN_TYPE = YES_ERROR;
				GCC_WARN_UNDECLARED_SELECTOR = YES;
				GCC_WARN_UNINITIALIZED_AUTOS = YES_AGGRESSIVE;
				GCC_WARN_UNUSED_FUNCTION = YES;
				GCC_WARN_UNUSED_VARIABLE = YES;
				IPHONEOS_DEPLOYMENT_TARGET = 16.2;
				MTL_ENABLE_DEBUG_INFO = INCLUDE_SOURCE;
				MTL_FAST_MATH = YES;
				ONLY_ACTIVE_ARCH = YES;
				SDKROOT = iphoneos;
				SWIFT_ACTIVE_COMPILATION_CONDITIONS = DEBUG;
				SWIFT_OPTIMIZATION_LEVEL = "-Onone";
			};
			name = Debug;
		};
		4D164B3029D47F61004B0010 /* Release */ = {
			isa = XCBuildConfiguration;
			buildSettings = {
				ALWAYS_SEARCH_USER_PATHS = NO;
				CLANG_ANALYZER_NONNULL = YES;
				CLANG_ANALYZER_NUMBER_OBJECT_CONVERSION = YES_AGGRESSIVE;
				CLANG_CXX_LANGUAGE_STANDARD = "gnu++20";
				CLANG_ENABLE_MODULES = YES;
				CLANG_ENABLE_OBJC_ARC = YES;
				CLANG_ENABLE_OBJC_WEAK = YES;
				CLANG_WARN_BLOCK_CAPTURE_AUTORELEASING = YES;
				CLANG_WARN_BOOL_CONVERSION = YES;
				CLANG_WARN_COMMA = YES;
				CLANG_WARN_CONSTANT_CONVERSION = YES;
				CLANG_WARN_DEPRECATED_OBJC_IMPLEMENTATIONS = YES;
				CLANG_WARN_DIRECT_OBJC_ISA_USAGE = YES_ERROR;
				CLANG_WARN_DOCUMENTATION_COMMENTS = YES;
				CLANG_WARN_EMPTY_BODY = YES;
				CLANG_WARN_ENUM_CONVERSION = YES;
				CLANG_WARN_INFINITE_RECURSION = YES;
				CLANG_WARN_INT_CONVERSION = YES;
				CLANG_WARN_NON_LITERAL_NULL_CONVERSION = YES;
				CLANG_WARN_OBJC_IMPLICIT_RETAIN_SELF = YES;
				CLANG_WARN_OBJC_LITERAL_CONVERSION = YES;
				CLANG_WARN_OBJC_ROOT_CLASS = YES_ERROR;
				CLANG_WARN_QUOTED_INCLUDE_IN_FRAMEWORK_HEADER = YES;
				CLANG_WARN_RANGE_LOOP_ANALYSIS = YES;
				CLANG_WARN_STRICT_PROTOTYPES = YES;
				CLANG_WARN_SUSPICIOUS_MOVE = YES;
				CLANG_WARN_UNGUARDED_AVAILABILITY = YES_AGGRESSIVE;
				CLANG_WARN_UNREACHABLE_CODE = YES;
				CLANG_WARN__DUPLICATE_METHOD_MATCH = YES;
				COPY_PHASE_STRIP = NO;
				DEBUG_INFORMATION_FORMAT = "dwarf-with-dsym";
				ENABLE_NS_ASSERTIONS = NO;
				ENABLE_STRICT_OBJC_MSGSEND = YES;
				GCC_C_LANGUAGE_STANDARD = gnu11;
				GCC_NO_COMMON_BLOCKS = YES;
				GCC_WARN_64_TO_32_BIT_CONVERSION = YES;
				GCC_WARN_ABOUT_RETURN_TYPE = YES_ERROR;
				GCC_WARN_UNDECLARED_SELECTOR = YES;
				GCC_WARN_UNINITIALIZED_AUTOS = YES_AGGRESSIVE;
				GCC_WARN_UNUSED_FUNCTION = YES;
				GCC_WARN_UNUSED_VARIABLE = YES;
				IPHONEOS_DEPLOYMENT_TARGET = 16.2;
				MTL_ENABLE_DEBUG_INFO = NO;
				MTL_FAST_MATH = YES;
				SDKROOT = iphoneos;
				SWIFT_COMPILATION_MODE = wholemodule;
				SWIFT_OPTIMIZATION_LEVEL = "-O";
				VALIDATE_PRODUCT = YES;
			};
			name = Release;
		};
		4D164B3229D47F61004B0010 /* Debug */ = {
			isa = XCBuildConfiguration;
			buildSettings = {
				ASSETCATALOG_COMPILER_APPICON_NAME = AppIcon;
				ASSETCATALOG_COMPILER_GLOBAL_ACCENT_COLOR_NAME = AccentColor;
				CODE_SIGN_STYLE = Automatic;
				CURRENT_PROJECT_VERSION = 1;
				DEVELOPMENT_TEAM = UQ8H4Z2MPG;
				GENERATE_INFOPLIST_FILE = YES;
				INFOPLIST_FILE = Innomath2/Info.plist;
				INFOPLIST_KEY_UIApplicationSupportsIndirectInputEvents = YES;
				INFOPLIST_KEY_UILaunchStoryboardName = LaunchScreen;
				INFOPLIST_KEY_UIMainStoryboardFile = Main;
				INFOPLIST_KEY_UISupportedInterfaceOrientations_iPad = "UIInterfaceOrientationPortrait UIInterfaceOrientationPortraitUpsideDown UIInterfaceOrientationLandscapeLeft UIInterfaceOrientationLandscapeRight";
				INFOPLIST_KEY_UISupportedInterfaceOrientations_iPhone = "UIInterfaceOrientationPortrait UIInterfaceOrientationLandscapeLeft UIInterfaceOrientationLandscapeRight";
				IPHONEOS_DEPLOYMENT_TARGET = 16.0;
				LD_RUNPATH_SEARCH_PATHS = (
					"$(inherited)",
					"@executable_path/Frameworks",
				);
				MARKETING_VERSION = 1.0;
				PRODUCT_BUNDLE_IDENTIFIER = com.dilarakdeniz.Innomath2;
				PRODUCT_NAME = "$(TARGET_NAME)";
				SWIFT_EMIT_LOC_STRINGS = YES;
				SWIFT_VERSION = 5.0;
				TARGETED_DEVICE_FAMILY = "1,2";
			};
			name = Debug;
		};
		4D164B3329D47F61004B0010 /* Release */ = {
			isa = XCBuildConfiguration;
			buildSettings = {
				ASSETCATALOG_COMPILER_APPICON_NAME = AppIcon;
				ASSETCATALOG_COMPILER_GLOBAL_ACCENT_COLOR_NAME = AccentColor;
				CODE_SIGN_STYLE = Automatic;
				CURRENT_PROJECT_VERSION = 1;
				DEVELOPMENT_TEAM = UQ8H4Z2MPG;
				GENERATE_INFOPLIST_FILE = YES;
				INFOPLIST_FILE = Innomath2/Info.plist;
				INFOPLIST_KEY_UIApplicationSupportsIndirectInputEvents = YES;
				INFOPLIST_KEY_UILaunchStoryboardName = LaunchScreen;
				INFOPLIST_KEY_UIMainStoryboardFile = Main;
				INFOPLIST_KEY_UISupportedInterfaceOrientations_iPad = "UIInterfaceOrientationPortrait UIInterfaceOrientationPortraitUpsideDown UIInterfaceOrientationLandscapeLeft UIInterfaceOrientationLandscapeRight";
				INFOPLIST_KEY_UISupportedInterfaceOrientations_iPhone = "UIInterfaceOrientationPortrait UIInterfaceOrientationLandscapeLeft UIInterfaceOrientationLandscapeRight";
				IPHONEOS_DEPLOYMENT_TARGET = 16.0;
				LD_RUNPATH_SEARCH_PATHS = (
					"$(inherited)",
					"@executable_path/Frameworks",
				);
				MARKETING_VERSION = 1.0;
				PRODUCT_BUNDLE_IDENTIFIER = com.dilarakdeniz.Innomath2;
				PRODUCT_NAME = "$(TARGET_NAME)";
				SWIFT_EMIT_LOC_STRINGS = YES;
				SWIFT_VERSION = 5.0;
				TARGETED_DEVICE_FAMILY = "1,2";
			};
			name = Release;
		};
/* End XCBuildConfiguration section */

/* Begin XCConfigurationList section */
		4D164B1529D47F60004B0010 /* Build configuration list for PBXProject "Innomath2" */ = {
			isa = XCConfigurationList;
			buildConfigurations = (
				4D164B2F29D47F61004B0010 /* Debug */,
				4D164B3029D47F61004B0010 /* Release */,
			);
			defaultConfigurationIsVisible = 0;
			defaultConfigurationName = Release;
		};
		4D164B3129D47F61004B0010 /* Build configuration list for PBXNativeTarget "Innomath2" */ = {
			isa = XCConfigurationList;
			buildConfigurations = (
				4D164B3229D47F61004B0010 /* Debug */,
				4D164B3329D47F61004B0010 /* Release */,
			);
			defaultConfigurationIsVisible = 0;
			defaultConfigurationName = Release;
		};
/* End XCConfigurationList section */

/* Begin XCVersionGroup section */
		4D164B2629D47F60004B0010 /* Innomath2.xcdatamodeld */ = {
			isa = XCVersionGroup;
			children = (
				4D164B2729D47F60004B0010 /* Innomath2.xcdatamodel */,
			);
			currentVersion = 4D164B2729D47F60004B0010 /* Innomath2.xcdatamodel */;
			path = Innomath2.xcdatamodeld;
			sourceTree = "<group>";
			versionGroupType = wrapper.xcdatamodel;
		};
/* End XCVersionGroup section */
	};
	rootObject = 4D164B1229D47F60004B0010 /* Project object */;
}
